<?xml version="1.0" encoding="utf-8"?>
<Project ToolsVersion="4.0" xmlns="http://schemas.microsoft.com/developer/msbuild/2003">
  <ItemGroup>
    <Filter Include="main">
      <UniqueIdentifier>{719fed32-b6ee-49e7-9928-568e8f4a873f}</UniqueIdentifier>
    </Filter>
    <Filter Include="coresys">
      <UniqueIdentifier>{5ae5f0f8-d66d-4bff-8564-c682bdd8d483}</UniqueIdentifier>
    </Filter>
    <Filter Include="args">
      <UniqueIdentifier>{23e5196d-aaee-4759-b731-00652e6f0dfb}</UniqueIdentifier>
    </Filter>
  </ItemGroup>
  <ItemGroup>
    <ClCompile Include="aux_builder.cpp">
      <Filter>main</Filter>
    </ClCompile>
    <ClCompile Include="jni_builder.cpp">
      <Filter>main</Filter>
    </ClCompile>
    <ClCompile Include="kdu_hyperdoc.cpp">
      <Filter>main</Filter>
    </ClCompile>
    <ClCompile Include="mni_builder.cpp">
      <Filter>main</Filter>
    </ClCompile>
    <ClCompile Include="..\..\coresys\messaging\messaging.cpp">
      <Filter>coresys</Filter>
    </ClCompile>
    <ClCompile Include="..\args\args.cpp">
      <Filter>args</Filter>
    </ClCompile>
  </ItemGroup>
  <ItemGroup>
    <ClInclude Include="hyperdoc_local.h">
      <Filter>main</Filter>
    </ClInclude>
    <ClInclude Include="..\..\coresys\common\kdu_elementary.h">
      <Filter>coresys</Filter>
    </ClInclude>
    <ClInclude Include="..\..\coresys\common\kdu_messaging.h">
      <Filter>coresys</Filter>
    </ClInclude>
    <ClInclude Include="..\args\kdu_args.h">
      <Filter>args</Filter>
    </ClInclude>
  </ItemGroup>
</Project>