<?xml version="1.0" encoding="utf-8"?>
<Project ToolsVersion="4.0" xmlns="http://schemas.microsoft.com/developer/msbuild/2003">
  <ItemGroup>
    <Filter Include="main">
      <UniqueIdentifier>{725d6fc5-fb9e-40a7-ac39-e3880aff51d1}</UniqueIdentifier>
    </Filter>
    <Filter Include="coresys">
      <UniqueIdentifier>{c73d5c26-b0b5-40b8-8d51-64b3fd36d6e5}</UniqueIdentifier>
    </Filter>
    <Filter Include="compressed_io">
      <UniqueIdentifier>{37a1b2a9-aec0-44b7-9314-0bfc1d1a2558}</UniqueIdentifier>
    </Filter>
    <Filter Include="support">
      <UniqueIdentifier>{d6316abd-4948-4a3b-aad3-80df45650339}</UniqueIdentifier>
    </Filter>
  </ItemGroup>
  <ItemGroup>
    <ClCompile Include="simple_example_d.cpp">
      <Filter>main</Filter>
    </ClCompile>
    <ClCompile Include="..\support\kdu_stripe_decompressor.cpp">
      <Filter>support</Filter>
    </ClCompile>
    <ClCompile Include="..\support\ssse3_stripe_transfer.cpp">
      <Filter>support</Filter>
    </ClCompile>
  </ItemGroup>
  <ItemGroup>
    <ClInclude Include="..\..\coresys\common\kdu_compressed.h">
      <Filter>coresys</Filter>
    </ClInclude>
    <ClInclude Include="..\..\coresys\common\kdu_elementary.h">
      <Filter>coresys</Filter>
    </ClInclude>
    <ClInclude Include="..\..\coresys\common\kdu_messaging.h">
      <Filter>coresys</Filter>
    </ClInclude>
    <ClInclude Include="..\..\coresys\common\kdu_params.h">
      <Filter>coresys</Filter>
    </ClInclude>
    <ClInclude Include="..\..\coresys\common\kdu_sample_processing.h">
      <Filter>coresys</Filter>
    </ClInclude>
    <ClInclude Include="..\compressed_io\kdu_file_io.h">
      <Filter>compressed_io</Filter>
    </ClInclude>
    <ClInclude Include="..\support\kdu_stripe_decompressor.h">
      <Filter>support</Filter>
    </ClInclude>
    <ClInclude Include="..\support\stripe_decompressor_local.h">
      <Filter>support</Filter>
    </ClInclude>
    <ClInclude Include="..\support\x86_stripe_transfer_local.h">
      <Filter>support</Filter>
    </ClInclude>
  </ItemGroup>
</Project>