<?xml version="1.0" encoding="utf-8"?>
<Project ToolsVersion="4.0" xmlns="http://schemas.microsoft.com/developer/msbuild/2003">
  <ItemGroup>
    <Filter Include="main">
      <UniqueIdentifier>{92d95a97-a81c-46c3-ada1-953dd38518b5}</UniqueIdentifier>
    </Filter>
    <Filter Include="args">
      <UniqueIdentifier>{8718d8d9-61ac-4603-8bbd-0e7a0b1d78d9}</UniqueIdentifier>
    </Filter>
    <Filter Include="coresys">
      <UniqueIdentifier>{dd5cfb72-4fa1-4bbb-ace7-4fb590177383}</UniqueIdentifier>
    </Filter>
    <Filter Include="client_server">
      <UniqueIdentifier>{76666fce-7c5c-40dd-898a-ba2bb6d19084}</UniqueIdentifier>
    </Filter>
  </ItemGroup>
  <ItemGroup>
    <ClCompile Include="..\kdu_server\kdu_security.cpp">
      <Filter>main</Filter>
    </ClCompile>
    <ClCompile Include="kdu_server_admin.cpp">
      <Filter>main</Filter>
    </ClCompile>
    <ClCompile Include="..\args\args.cpp">
      <Filter>args</Filter>
    </ClCompile>
    <ClCompile Include="..\..\coresys\messaging\messaging.cpp">
      <Filter>coresys</Filter>
    </ClCompile>
    <ClCompile Include="..\client_server\kdcs_comms.cpp">
      <Filter>client_server</Filter>
    </ClCompile>
  </ItemGroup>
  <ItemGroup>
    <ClInclude Include="..\kdu_server\kdu_security.h">
      <Filter>main</Filter>
    </ClInclude>
    <ClInclude Include="..\args\kdu_args.h">
      <Filter>args</Filter>
    </ClInclude>
    <ClInclude Include="..\..\coresys\common\kdu_elementary.h">
      <Filter>coresys</Filter>
    </ClInclude>
    <ClInclude Include="..\..\coresys\common\kdu_messaging.h">
      <Filter>coresys</Filter>
    </ClInclude>
    <ClInclude Include="..\client_server\comms_local.h">
      <Filter>client_server</Filter>
    </ClInclude>
    <ClInclude Include="..\client_server\kdcs_comms.h">
      <Filter>client_server</Filter>
    </ClInclude>
  </ItemGroup>
</Project>