// !$*UTF8*$!
{
	archiveVersion = 1;
	classes = {
	};
	objectVersion = 46;
	objects = {

/* Begin PBXAggregateTarget section */
		40EB83F8121B5A4700E75D76 /* Build-all */ = {
			isa = PBXAggregateTarget;
			buildConfigurationList = 40EB8407121B5A9A00E75D76 /* Build configuration list for PBXAggregateTarget "Build-all" */;
			buildPhases = (
			);
			dependencies = (
				40EB83FC121B5A5700E75D76 /* PBXTargetDependency */,
				40EB83FE121B5A5B00E75D76 /* PBXTargetDependency */,
			);
			name = "Build-all";
			productName = "Build-all";
		};
/* End PBXAggregateTarget section */

/* Begin PBXBuildFile section */
		40077238121ABD1F002F0CDE /* kdu_arch.cpp in Sources */ = {isa = PBXBuildFile; fileRef = 404EB7870E6CC0B3000FA6D1 /* kdu_arch.cpp */; };
		4007723A121ABD3B002F0CDE /* kdu_threads.cpp in Sources */ = {isa = PBXBuildFile; fileRef = 404EB7BA0E6CC101000FA6D1 /* kdu_threads.cpp */; };
		4007723B121ABD40002F0CDE /* messaging.cpp in Sources */ = {isa = PBXBuildFile; fileRef = 404EB7AD0E6CC0D9000FA6D1 /* messaging.cpp */; };
		4007723C121ABD46002F0CDE /* kernels.cpp in Sources */ = {isa = PBXBuildFile; fileRef = 404EB7AA0E6CC0CC000FA6D1 /* kernels.cpp */; };
		4007723D121ABD4F002F0CDE /* params.cpp in Sources */ = {isa = PBXBuildFile; fileRef = 404EB7B00E6CC0E7000FA6D1 /* params.cpp */; };
		4007723E121ABD55002F0CDE /* blocks.cpp in Sources */ = {isa = PBXBuildFile; fileRef = 404EB7A10E6CC0BC000FA6D1 /* blocks.cpp */; };
		4007723F121ABD59002F0CDE /* codestream.cpp in Sources */ = {isa = PBXBuildFile; fileRef = 404EB7A20E6CC0BC000FA6D1 /* codestream.cpp */; };
		40077240121ABD5A002F0CDE /* compressed.cpp in Sources */ = {isa = PBXBuildFile; fileRef = 404EB7A30E6CC0BC000FA6D1 /* compressed.cpp */; };
		40077241121ABD5E002F0CDE /* roi.cpp in Sources */ = {isa = PBXBuildFile; fileRef = 404EB7B50E6CC0F3000FA6D1 /* roi.cpp */; };
		40077242121ABD62002F0CDE /* analysis.cpp in Sources */ = {isa = PBXBuildFile; fileRef = 404EB7BF0E6CC10B000FA6D1 /* analysis.cpp */; };
		40077243121ABD64002F0CDE /* colour.cpp in Sources */ = {isa = PBXBuildFile; fileRef = 404EB7C10E6CC10B000FA6D1 /* colour.cpp */; };
		40077245121ABD6F002F0CDE /* multi_transform.cpp in Sources */ = {isa = PBXBuildFile; fileRef = 404EB7CA0E6CC10B000FA6D1 /* multi_transform.cpp */; };
		40077246121ABD75002F0CDE /* synthesis.cpp in Sources */ = {isa = PBXBuildFile; fileRef = 404EB7CC0E6CC10B000FA6D1 /* synthesis.cpp */; };
		40077247121ABD80002F0CDE /* block_coding_common.cpp in Sources */ = {isa = PBXBuildFile; fileRef = 404EB7690E6CC0A0000FA6D1 /* block_coding_common.cpp */; };
		40077248121ABD83002F0CDE /* block_decoder.cpp in Sources */ = {isa = PBXBuildFile; fileRef = 404EB76B0E6CC0A0000FA6D1 /* block_decoder.cpp */; };
		40077249121ABD84002F0CDE /* block_encoder.cpp in Sources */ = {isa = PBXBuildFile; fileRef = 404EB76C0E6CC0A0000FA6D1 /* block_encoder.cpp */; };
		4007724A121ABD86002F0CDE /* decoder.cpp in Sources */ = {isa = PBXBuildFile; fileRef = 404EB76D0E6CC0A0000FA6D1 /* decoder.cpp */; };
		4007724B121ABD87002F0CDE /* encoder.cpp in Sources */ = {isa = PBXBuildFile; fileRef = 404EB76E0E6CC0A0000FA6D1 /* encoder.cpp */; };
		4007724C121ABD89002F0CDE /* mq_decoder.cpp in Sources */ = {isa = PBXBuildFile; fileRef = 404EB7700E6CC0A0000FA6D1 /* mq_decoder.cpp */; };
		4007724D121ABD8C002F0CDE /* mq_encoder.cpp in Sources */ = {isa = PBXBuildFile; fileRef = 404EB7720E6CC0A0000FA6D1 /* mq_encoder.cpp */; };
		4007724E121ABD9C002F0CDE /* block_coding_common.h in Headers */ = {isa = PBXBuildFile; fileRef = 404EB76A0E6CC0A0000FA6D1 /* block_coding_common.h */; };
		4007724F121ABD9D002F0CDE /* mq_decoder.h in Headers */ = {isa = PBXBuildFile; fileRef = 404EB7710E6CC0A0000FA6D1 /* mq_decoder.h */; };
		40077250121ABD9E002F0CDE /* mq_encoder.h in Headers */ = {isa = PBXBuildFile; fileRef = 404EB7730E6CC0A0000FA6D1 /* mq_encoder.h */; };
		40077251121ABD9F002F0CDE /* x86_encoder_local.h in Headers */ = {isa = PBXBuildFile; fileRef = 404EB7760E6CC0A0000FA6D1 /* x86_encoder_local.h */; };
		40077252121ABDA3002F0CDE /* analysis_local.h in Headers */ = {isa = PBXBuildFile; fileRef = 404EB7C00E6CC10B000FA6D1 /* analysis_local.h */; };
		40077253121ABDA4002F0CDE /* gcc_colour_altivec_local.h in Headers */ = {isa = PBXBuildFile; fileRef = 404EB7C20E6CC10B000FA6D1 /* gcc_colour_altivec_local.h */; };
		40077254121ABDA4002F0CDE /* gcc_dwt_altivec_local.h in Headers */ = {isa = PBXBuildFile; fileRef = 404EB7C50E6CC10B000FA6D1 /* gcc_dwt_altivec_local.h */; };
		40077255121ABDA5002F0CDE /* multi_transform_local.h in Headers */ = {isa = PBXBuildFile; fileRef = 404EB7CB0E6CC10B000FA6D1 /* multi_transform_local.h */; };
		40077256121ABDA6002F0CDE /* synthesis_local.h in Headers */ = {isa = PBXBuildFile; fileRef = 404EB7CD0E6CC10B000FA6D1 /* synthesis_local.h */; };
		40077257121ABDA6002F0CDE /* transform_local.h in Headers */ = {isa = PBXBuildFile; fileRef = 404EB7CE0E6CC10B000FA6D1 /* transform_local.h */; };
		40077258121ABDA7002F0CDE /* x86_colour_local.h in Headers */ = {isa = PBXBuildFile; fileRef = 404EB7CF0E6CC10B000FA6D1 /* x86_colour_local.h */; };
		40077259121ABDA8002F0CDE /* x86_dwt_local.h in Headers */ = {isa = PBXBuildFile; fileRef = 404EB7D00E6CC10B000FA6D1 /* x86_dwt_local.h */; };
		4007725A121ABDAC002F0CDE /* roi_local.h in Headers */ = {isa = PBXBuildFile; fileRef = 404EB7B60E6CC0F3000FA6D1 /* roi_local.h */; };
		4007725B121ABDAF002F0CDE /* compressed_local.h in Headers */ = {isa = PBXBuildFile; fileRef = 404EB7A40E6CC0BC000FA6D1 /* compressed_local.h */; };
		4007725C121ABDB3002F0CDE /* params_local.h in Headers */ = {isa = PBXBuildFile; fileRef = 404EB7B10E6CC0E7000FA6D1 /* params_local.h */; };
		4007725D121ABDBA002F0CDE /* threads_local.h in Headers */ = {isa = PBXBuildFile; fileRef = 404EB7BB0E6CC101000FA6D1 /* threads_local.h */; };
		4007725E121ABDBD002F0CDE /* kdu_arch.h in Headers */ = {isa = PBXBuildFile; fileRef = 404EB7880E6CC0B3000FA6D1 /* kdu_arch.h */; };
		4007725F121ABDBD002F0CDE /* kdu_block_coding.h in Headers */ = {isa = PBXBuildFile; fileRef = 404EB7890E6CC0B3000FA6D1 /* kdu_block_coding.h */; };
		40077260121ABDBE002F0CDE /* kdu_compressed.h in Headers */ = {isa = PBXBuildFile; fileRef = 404EB78A0E6CC0B3000FA6D1 /* kdu_compressed.h */; };
		40077261121ABDBE002F0CDE /* kdu_elementary.h in Headers */ = {isa = PBXBuildFile; fileRef = 404EB78B0E6CC0B3000FA6D1 /* kdu_elementary.h */; };
		40077262121ABDBF002F0CDE /* kdu_kernels.h in Headers */ = {isa = PBXBuildFile; fileRef = 404EB78C0E6CC0B3000FA6D1 /* kdu_kernels.h */; };
		40077263121ABDBF002F0CDE /* kdu_messaging.h in Headers */ = {isa = PBXBuildFile; fileRef = 40830A000F70A18E00738F5A /* kdu_messaging.h */; };
		40077264121ABDC0002F0CDE /* kdu_params.h in Headers */ = {isa = PBXBuildFile; fileRef = 404EB78E0E6CC0B3000FA6D1 /* kdu_params.h */; };
		40077265121ABDC0002F0CDE /* kdu_roi_processing.h in Headers */ = {isa = PBXBuildFile; fileRef = 404EB78F0E6CC0B3000FA6D1 /* kdu_roi_processing.h */; };
		40077266121ABDC0002F0CDE /* kdu_sample_processing.h in Headers */ = {isa = PBXBuildFile; fileRef = 404EB7900E6CC0B3000FA6D1 /* kdu_sample_processing.h */; };
		40077267121ABDC2002F0CDE /* kdu_threads.h in Headers */ = {isa = PBXBuildFile; fileRef = 404EB7910E6CC0B3000FA6D1 /* kdu_threads.h */; };
		40077268121ABDC2002F0CDE /* kdu_utils.h in Headers */ = {isa = PBXBuildFile; fileRef = 404EB7920E6CC0B3000FA6D1 /* kdu_utils.h */; };
		404EB7770E6CC0A0000FA6D1 /* block_coding_common.cpp in Sources */ = {isa = PBXBuildFile; fileRef = 404EB7690E6CC0A0000FA6D1 /* block_coding_common.cpp */; };
		404EB7780E6CC0A0000FA6D1 /* block_coding_common.h in Headers */ = {isa = PBXBuildFile; fileRef = 404EB76A0E6CC0A0000FA6D1 /* block_coding_common.h */; };
		404EB7790E6CC0A0000FA6D1 /* block_decoder.cpp in Sources */ = {isa = PBXBuildFile; fileRef = 404EB76B0E6CC0A0000FA6D1 /* block_decoder.cpp */; };
		404EB77A0E6CC0A0000FA6D1 /* block_encoder.cpp in Sources */ = {isa = PBXBuildFile; fileRef = 404EB76C0E6CC0A0000FA6D1 /* block_encoder.cpp */; };
		404EB77B0E6CC0A0000FA6D1 /* decoder.cpp in Sources */ = {isa = PBXBuildFile; fileRef = 404EB76D0E6CC0A0000FA6D1 /* decoder.cpp */; };
		404EB77C0E6CC0A0000FA6D1 /* encoder.cpp in Sources */ = {isa = PBXBuildFile; fileRef = 404EB76E0E6CC0A0000FA6D1 /* encoder.cpp */; };
		404EB77E0E6CC0A0000FA6D1 /* mq_decoder.cpp in Sources */ = {isa = PBXBuildFile; fileRef = 404EB7700E6CC0A0000FA6D1 /* mq_decoder.cpp */; };
		404EB77F0E6CC0A0000FA6D1 /* mq_decoder.h in Headers */ = {isa = PBXBuildFile; fileRef = 404EB7710E6CC0A0000FA6D1 /* mq_decoder.h */; };
		404EB7800E6CC0A0000FA6D1 /* mq_encoder.cpp in Sources */ = {isa = PBXBuildFile; fileRef = 404EB7720E6CC0A0000FA6D1 /* mq_encoder.cpp */; };
		404EB7810E6CC0A0000FA6D1 /* mq_encoder.h in Headers */ = {isa = PBXBuildFile; fileRef = 404EB7730E6CC0A0000FA6D1 /* mq_encoder.h */; };
		404EB7840E6CC0A0000FA6D1 /* x86_encoder_local.h in Headers */ = {isa = PBXBuildFile; fileRef = 404EB7760E6CC0A0000FA6D1 /* x86_encoder_local.h */; };
		404EB7940E6CC0B3000FA6D1 /* kdu_arch.cpp in Sources */ = {isa = PBXBuildFile; fileRef = 404EB7870E6CC0B3000FA6D1 /* kdu_arch.cpp */; };
		404EB7950E6CC0B3000FA6D1 /* kdu_arch.h in Headers */ = {isa = PBXBuildFile; fileRef = 404EB7880E6CC0B3000FA6D1 /* kdu_arch.h */; };
		404EB7960E6CC0B3000FA6D1 /* kdu_block_coding.h in Headers */ = {isa = PBXBuildFile; fileRef = 404EB7890E6CC0B3000FA6D1 /* kdu_block_coding.h */; };
		404EB7970E6CC0B3000FA6D1 /* kdu_compressed.h in Headers */ = {isa = PBXBuildFile; fileRef = 404EB78A0E6CC0B3000FA6D1 /* kdu_compressed.h */; };
		404EB7980E6CC0B3000FA6D1 /* kdu_elementary.h in Headers */ = {isa = PBXBuildFile; fileRef = 404EB78B0E6CC0B3000FA6D1 /* kdu_elementary.h */; };
		404EB7990E6CC0B3000FA6D1 /* kdu_kernels.h in Headers */ = {isa = PBXBuildFile; fileRef = 404EB78C0E6CC0B3000FA6D1 /* kdu_kernels.h */; };
		404EB79B0E6CC0B3000FA6D1 /* kdu_params.h in Headers */ = {isa = PBXBuildFile; fileRef = 404EB78E0E6CC0B3000FA6D1 /* kdu_params.h */; };
		404EB79C0E6CC0B3000FA6D1 /* kdu_roi_processing.h in Headers */ = {isa = PBXBuildFile; fileRef = 404EB78F0E6CC0B3000FA6D1 /* kdu_roi_processing.h */; };
		404EB79D0E6CC0B3000FA6D1 /* kdu_sample_processing.h in Headers */ = {isa = PBXBuildFile; fileRef = 404EB7900E6CC0B3000FA6D1 /* kdu_sample_processing.h */; };
		404EB79E0E6CC0B3000FA6D1 /* kdu_threads.h in Headers */ = {isa = PBXBuildFile; fileRef = 404EB7910E6CC0B3000FA6D1 /* kdu_threads.h */; };
		404EB79F0E6CC0B3000FA6D1 /* kdu_utils.h in Headers */ = {isa = PBXBuildFile; fileRef = 404EB7920E6CC0B3000FA6D1 /* kdu_utils.h */; };
		404EB7A50E6CC0BC000FA6D1 /* blocks.cpp in Sources */ = {isa = PBXBuildFile; fileRef = 404EB7A10E6CC0BC000FA6D1 /* blocks.cpp */; };
		404EB7A60E6CC0BC000FA6D1 /* codestream.cpp in Sources */ = {isa = PBXBuildFile; fileRef = 404EB7A20E6CC0BC000FA6D1 /* codestream.cpp */; };
		404EB7A70E6CC0BC000FA6D1 /* compressed.cpp in Sources */ = {isa = PBXBuildFile; fileRef = 404EB7A30E6CC0BC000FA6D1 /* compressed.cpp */; };
		404EB7A80E6CC0BC000FA6D1 /* compressed_local.h in Headers */ = {isa = PBXBuildFile; fileRef = 404EB7A40E6CC0BC000FA6D1 /* compressed_local.h */; };
		404EB7AB0E6CC0CC000FA6D1 /* kernels.cpp in Sources */ = {isa = PBXBuildFile; fileRef = 404EB7AA0E6CC0CC000FA6D1 /* kernels.cpp */; };
		404EB7AE0E6CC0D9000FA6D1 /* messaging.cpp in Sources */ = {isa = PBXBuildFile; fileRef = 404EB7AD0E6CC0D9000FA6D1 /* messaging.cpp */; };
		404EB7B20E6CC0E7000FA6D1 /* params.cpp in Sources */ = {isa = PBXBuildFile; fileRef = 404EB7B00E6CC0E7000FA6D1 /* params.cpp */; };
		404EB7B30E6CC0E7000FA6D1 /* params_local.h in Headers */ = {isa = PBXBuildFile; fileRef = 404EB7B10E6CC0E7000FA6D1 /* params_local.h */; };
		404EB7B70E6CC0F3000FA6D1 /* roi.cpp in Sources */ = {isa = PBXBuildFile; fileRef = 404EB7B50E6CC0F3000FA6D1 /* roi.cpp */; };
		404EB7B80E6CC0F3000FA6D1 /* roi_local.h in Headers */ = {isa = PBXBuildFile; fileRef = 404EB7B60E6CC0F3000FA6D1 /* roi_local.h */; };
		404EB7BC0E6CC101000FA6D1 /* kdu_threads.cpp in Sources */ = {isa = PBXBuildFile; fileRef = 404EB7BA0E6CC101000FA6D1 /* kdu_threads.cpp */; };
		404EB7BD0E6CC101000FA6D1 /* threads_local.h in Headers */ = {isa = PBXBuildFile; fileRef = 404EB7BB0E6CC101000FA6D1 /* threads_local.h */; };
		404EB7D10E6CC10B000FA6D1 /* analysis.cpp in Sources */ = {isa = PBXBuildFile; fileRef = 404EB7BF0E6CC10B000FA6D1 /* analysis.cpp */; };
		404EB7D20E6CC10B000FA6D1 /* analysis_local.h in Headers */ = {isa = PBXBuildFile; fileRef = 404EB7C00E6CC10B000FA6D1 /* analysis_local.h */; };
		404EB7D30E6CC10B000FA6D1 /* colour.cpp in Sources */ = {isa = PBXBuildFile; fileRef = 404EB7C10E6CC10B000FA6D1 /* colour.cpp */; };
		404EB7D40E6CC10B000FA6D1 /* gcc_colour_altivec_local.h in Headers */ = {isa = PBXBuildFile; fileRef = 404EB7C20E6CC10B000FA6D1 /* gcc_colour_altivec_local.h */; };
		404EB7D70E6CC10B000FA6D1 /* gcc_dwt_altivec_local.h in Headers */ = {isa = PBXBuildFile; fileRef = 404EB7C50E6CC10B000FA6D1 /* gcc_dwt_altivec_local.h */; };
		404EB7DC0E6CC10B000FA6D1 /* multi_transform.cpp in Sources */ = {isa = PBXBuildFile; fileRef = 404EB7CA0E6CC10B000FA6D1 /* multi_transform.cpp */; };
		404EB7DD0E6CC10B000FA6D1 /* multi_transform_local.h in Headers */ = {isa = PBXBuildFile; fileRef = 404EB7CB0E6CC10B000FA6D1 /* multi_transform_local.h */; };
		404EB7DE0E6CC10B000FA6D1 /* synthesis.cpp in Sources */ = {isa = PBXBuildFile; fileRef = 404EB7CC0E6CC10B000FA6D1 /* synthesis.cpp */; };
		404EB7DF0E6CC10B000FA6D1 /* synthesis_local.h in Headers */ = {isa = PBXBuildFile; fileRef = 404EB7CD0E6CC10B000FA6D1 /* synthesis_local.h */; };
		404EB7E00E6CC10B000FA6D1 /* transform_local.h in Headers */ = {isa = PBXBuildFile; fileRef = 404EB7CE0E6CC10B000FA6D1 /* transform_local.h */; };
		404EB7E10E6CC10B000FA6D1 /* x86_colour_local.h in Headers */ = {isa = PBXBuildFile; fileRef = 404EB7CF0E6CC10B000FA6D1 /* x86_colour_local.h */; };
		404EB7E20E6CC10B000FA6D1 /* x86_dwt_local.h in Headers */ = {isa = PBXBuildFile; fileRef = 404EB7D00E6CC10B000FA6D1 /* x86_dwt_local.h */; };
		406942D01421590F000ED6AA /* encoding_local.h in Headers */ = {isa = PBXBuildFile; fileRef = 406942CF1421590F000ED6AA /* encoding_local.h */; };
		406942D11421590F000ED6AA /* encoding_local.h in Headers */ = {isa = PBXBuildFile; fileRef = 406942CF1421590F000ED6AA /* encoding_local.h */; };
		406942D31421591E000ED6AA /* decoding_local.h in Headers */ = {isa = PBXBuildFile; fileRef = 406942D21421591E000ED6AA /* decoding_local.h */; };
		406942D41421591E000ED6AA /* decoding_local.h in Headers */ = {isa = PBXBuildFile; fileRef = 406942D21421591E000ED6AA /* decoding_local.h */; };
		40830A010F70A18E00738F5A /* kdu_messaging.h in Headers */ = {isa = PBXBuildFile; fileRef = 40830A000F70A18E00738F5A /* kdu_messaging.h */; };
		40B5254313A8889400DA29D0 /* avx_colour_local.cpp in Sources */ = {isa = PBXBuildFile; fileRef = 40B5254213A8889400DA29D0 /* avx_colour_local.cpp */; settings = {COMPILER_FLAGS = "-mavx"; }; };
		40B5254413A8889400DA29D0 /* avx_colour_local.cpp in Sources */ = {isa = PBXBuildFile; fileRef = 40B5254213A8889400DA29D0 /* avx_colour_local.cpp */; settings = {COMPILER_FLAGS = "-mavx"; }; };
		40B5254713A888CE00DA29D0 /* avx_coder_local.cpp in Sources */ = {isa = PBXBuildFile; fileRef = 40B5254613A888CE00DA29D0 /* avx_coder_local.cpp */; settings = {COMPILER_FLAGS = "-mavx"; }; };
		40B5254813A888CE00DA29D0 /* avx_coder_local.cpp in Sources */ = {isa = PBXBuildFile; fileRef = 40B5254613A888CE00DA29D0 /* avx_coder_local.cpp */; settings = {COMPILER_FLAGS = "-mavx"; }; };
		40D8643414341DBA008EA438 /* x86_decoder_local.h in Headers */ = {isa = PBXBuildFile; fileRef = 40D8643314341DBA008EA438 /* x86_decoder_local.h */; };
		40D8643514341DBA008EA438 /* x86_decoder_local.h in Headers */ = {isa = PBXBuildFile; fileRef = 40D8643314341DBA008EA438 /* x86_decoder_local.h */; };
		40D8643D14341ECC008EA438 /* gcc_decoder_mmx_local.h in Headers */ = {isa = PBXBuildFile; fileRef = 40D8643C14341ECC008EA438 /* gcc_decoder_mmx_local.h */; };
		40D8643E14341ECC008EA438 /* gcc_decoder_mmx_local.h in Headers */ = {isa = PBXBuildFile; fileRef = 40D8643C14341ECC008EA438 /* gcc_decoder_mmx_local.h */; };
		63F5A96716DBB011008B0581 /* kdu_ubiquitous.h in Headers */ = {isa = PBXBuildFile; fileRef = 63F5A96616DBB011008B0581 /* kdu_ubiquitous.h */; };
/* End PBXBuildFile section */

/* Begin PBXContainerItemProxy section */
		40EB83FB121B5A5700E75D76 /* PBXContainerItemProxy */ = {
			isa = PBXContainerItemProxy;
			containerPortal = 0867D690FE84028FC02AAC07 /* Project object */;
			proxyType = 1;
			remoteGlobalIDString = D2AAC09C05546B4700DB518D;
			remoteInfo = coresys;
		};
		40EB83FD121B5A5B00E75D76 /* PBXContainerItemProxy */ = {
			isa = PBXContainerItemProxy;
			containerPortal = 0867D690FE84028FC02AAC07 /* Project object */;
			proxyType = 1;
			remoteGlobalIDString = 4007722E121AB97C002F0CDE;
			remoteInfo = coresys_static;
		};
/* End PBXContainerItemProxy section */

/* Begin PBXFileReference section */
		4007722F121AB97C002F0CDE /* libkdu_v72D.a */ = {isa = PBXFileReference; explicitFileType = archive.ar; includeInIndex = 0; path = libkdu_v72D.a; sourceTree = BUILT_PRODUCTS_DIR; };
		404EB7690E6CC0A0000FA6D1 /* block_coding_common.cpp */ = {isa = PBXFileReference; fileEncoding = 4; lastKnownFileType = sourcecode.cpp.cpp; path = block_coding_common.cpp; sourceTree = "<group>"; };
		404EB76A0E6CC0A0000FA6D1 /* block_coding_common.h */ = {isa = PBXFileReference; fileEncoding = 4; lastKnownFileType = sourcecode.c.h; path = block_coding_common.h; sourceTree = "<group>"; };
		404EB76B0E6CC0A0000FA6D1 /* block_decoder.cpp */ = {isa = PBXFileReference; fileEncoding = 4; lastKnownFileType = sourcecode.cpp.cpp; path = block_decoder.cpp; sourceTree = "<group>"; };
		404EB76C0E6CC0A0000FA6D1 /* block_encoder.cpp */ = {isa = PBXFileReference; fileEncoding = 4; lastKnownFileType = sourcecode.cpp.cpp; path = block_encoder.cpp; sourceTree = "<group>"; };
		404EB76D0E6CC0A0000FA6D1 /* decoder.cpp */ = {isa = PBXFileReference; fileEncoding = 4; lastKnownFileType = sourcecode.cpp.cpp; path = decoder.cpp; sourceTree = "<group>"; };
		404EB76E0E6CC0A0000FA6D1 /* encoder.cpp */ = {isa = PBXFileReference; fileEncoding = 4; lastKnownFileType = sourcecode.cpp.cpp; path = encoder.cpp; sourceTree = "<group>"; };
		404EB7700E6CC0A0000FA6D1 /* mq_decoder.cpp */ = {isa = PBXFileReference; fileEncoding = 4; lastKnownFileType = sourcecode.cpp.cpp; path = mq_decoder.cpp; sourceTree = "<group>"; };
		404EB7710E6CC0A0000FA6D1 /* mq_decoder.h */ = {isa = PBXFileReference; fileEncoding = 4; lastKnownFileType = sourcecode.c.h; path = mq_decoder.h; sourceTree = "<group>"; };
		404EB7720E6CC0A0000FA6D1 /* mq_encoder.cpp */ = {isa = PBXFileReference; fileEncoding = 4; lastKnownFileType = sourcecode.cpp.cpp; path = mq_encoder.cpp; sourceTree = "<group>"; };
		404EB7730E6CC0A0000FA6D1 /* mq_encoder.h */ = {isa = PBXFileReference; fileEncoding = 4; lastKnownFileType = sourcecode.c.h; path = mq_encoder.h; sourceTree = "<group>"; };
		404EB7760E6CC0A0000FA6D1 /* x86_encoder_local.h */ = {isa = PBXFileReference; fileEncoding = 4; lastKnownFileType = sourcecode.c.h; path = x86_encoder_local.h; sourceTree = "<group>"; };
		404EB7870E6CC0B3000FA6D1 /* kdu_arch.cpp */ = {isa = PBXFileReference; fileEncoding = 4; lastKnownFileType = sourcecode.cpp.cpp; path = kdu_arch.cpp; sourceTree = "<group>"; };
		404EB7880E6CC0B3000FA6D1 /* kdu_arch.h */ = {isa = PBXFileReference; fileEncoding = 4; lastKnownFileType = sourcecode.c.h; path = kdu_arch.h; sourceTree = "<group>"; };
		404EB7890E6CC0B3000FA6D1 /* kdu_block_coding.h */ = {isa = PBXFileReference; fileEncoding = 4; lastKnownFileType = sourcecode.c.h; path = kdu_block_coding.h; sourceTree = "<group>"; };
		404EB78A0E6CC0B3000FA6D1 /* kdu_compressed.h */ = {isa = PBXFileReference; fileEncoding = 4; lastKnownFileType = sourcecode.c.h; path = kdu_compressed.h; sourceTree = "<group>"; };
		404EB78B0E6CC0B3000FA6D1 /* kdu_elementary.h */ = {isa = PBXFileReference; fileEncoding = 4; lastKnownFileType = sourcecode.c.h; path = kdu_elementary.h; sourceTree = "<group>"; };
		404EB78C0E6CC0B3000FA6D1 /* kdu_kernels.h */ = {isa = PBXFileReference; fileEncoding = 4; lastKnownFileType = sourcecode.c.h; path = kdu_kernels.h; sourceTree = "<group>"; };
		404EB78E0E6CC0B3000FA6D1 /* kdu_params.h */ = {isa = PBXFileReference; fileEncoding = 4; lastKnownFileType = sourcecode.c.h; path = kdu_params.h; sourceTree = "<group>"; };
		404EB78F0E6CC0B3000FA6D1 /* kdu_roi_processing.h */ = {isa = PBXFileReference; fileEncoding = 4; lastKnownFileType = sourcecode.c.h; path = kdu_roi_processing.h; sourceTree = "<group>"; };
		404EB7900E6CC0B3000FA6D1 /* kdu_sample_processing.h */ = {isa = PBXFileReference; fileEncoding = 4; lastKnownFileType = sourcecode.c.h; path = kdu_sample_processing.h; sourceTree = "<group>"; };
		404EB7910E6CC0B3000FA6D1 /* kdu_threads.h */ = {isa = PBXFileReference; fileEncoding = 4; lastKnownFileType = sourcecode.c.h; path = kdu_threads.h; sourceTree = "<group>"; };
		404EB7920E6CC0B3000FA6D1 /* kdu_utils.h */ = {isa = PBXFileReference; fileEncoding = 4; lastKnownFileType = sourcecode.c.h; path = kdu_utils.h; sourceTree = "<group>"; };
		404EB7A10E6CC0BC000FA6D1 /* blocks.cpp */ = {isa = PBXFileReference; fileEncoding = 4; lastKnownFileType = sourcecode.cpp.cpp; path = blocks.cpp; sourceTree = "<group>"; };
		404EB7A20E6CC0BC000FA6D1 /* codestream.cpp */ = {isa = PBXFileReference; fileEncoding = 4; lastKnownFileType = sourcecode.cpp.cpp; path = codestream.cpp; sourceTree = "<group>"; };
		404EB7A30E6CC0BC000FA6D1 /* compressed.cpp */ = {isa = PBXFileReference; fileEncoding = 4; lastKnownFileType = sourcecode.cpp.cpp; path = compressed.cpp; sourceTree = "<group>"; };
		404EB7A40E6CC0BC000FA6D1 /* compressed_local.h */ = {isa = PBXFileReference; fileEncoding = 4; lastKnownFileType = sourcecode.c.h; path = compressed_local.h; sourceTree = "<group>"; };
		404EB7AA0E6CC0CC000FA6D1 /* kernels.cpp */ = {isa = PBXFileReference; fileEncoding = 4; lastKnownFileType = sourcecode.cpp.cpp; path = kernels.cpp; sourceTree = "<group>"; };
		404EB7AD0E6CC0D9000FA6D1 /* messaging.cpp */ = {isa = PBXFileReference; fileEncoding = 4; lastKnownFileType = sourcecode.cpp.cpp; path = messaging.cpp; sourceTree = "<group>"; };
		404EB7B00E6CC0E7000FA6D1 /* params.cpp */ = {isa = PBXFileReference; fileEncoding = 4; lastKnownFileType = sourcecode.cpp.cpp; path = params.cpp; sourceTree = "<group>"; };
		404EB7B10E6CC0E7000FA6D1 /* params_local.h */ = {isa = PBXFileReference; fileEncoding = 4; lastKnownFileType = sourcecode.c.h; path = params_local.h; sourceTree = "<group>"; };
		404EB7B50E6CC0F3000FA6D1 /* roi.cpp */ = {isa = PBXFileReference; fileEncoding = 4; lastKnownFileType = sourcecode.cpp.cpp; path = roi.cpp; sourceTree = "<group>"; };
		404EB7B60E6CC0F3000FA6D1 /* roi_local.h */ = {isa = PBXFileReference; fileEncoding = 4; lastKnownFileType = sourcecode.c.h; path = roi_local.h; sourceTree = "<group>"; };
		404EB7BA0E6CC101000FA6D1 /* kdu_threads.cpp */ = {isa = PBXFileReference; fileEncoding = 4; lastKnownFileType = sourcecode.cpp.cpp; path = kdu_threads.cpp; sourceTree = "<group>"; };
		404EB7BB0E6CC101000FA6D1 /* threads_local.h */ = {isa = PBXFileReference; fileEncoding = 4; lastKnownFileType = sourcecode.c.h; path = threads_local.h; sourceTree = "<group>"; };
		404EB7BF0E6CC10B000FA6D1 /* analysis.cpp */ = {isa = PBXFileReference; fileEncoding = 4; lastKnownFileType = sourcecode.cpp.cpp; path = analysis.cpp; sourceTree = "<group>"; };
		404EB7C00E6CC10B000FA6D1 /* analysis_local.h */ = {isa = PBXFileReference; fileEncoding = 4; lastKnownFileType = sourcecode.c.h; path = analysis_local.h; sourceTree = "<group>"; };
		404EB7C10E6CC10B000FA6D1 /* colour.cpp */ = {isa = PBXFileReference; fileEncoding = 4; lastKnownFileType = sourcecode.cpp.cpp; path = colour.cpp; sourceTree = "<group>"; };
		404EB7C20E6CC10B000FA6D1 /* gcc_colour_altivec_local.h */ = {isa = PBXFileReference; fileEncoding = 4; lastKnownFileType = sourcecode.c.h; path = gcc_colour_altivec_local.h; sourceTree = "<group>"; };
		404EB7C50E6CC10B000FA6D1 /* gcc_dwt_altivec_local.h */ = {isa = PBXFileReference; fileEncoding = 4; lastKnownFileType = sourcecode.c.h; path = gcc_dwt_altivec_local.h; sourceTree = "<group>"; };
		404EB7CA0E6CC10B000FA6D1 /* multi_transform.cpp */ = {isa = PBXFileReference; fileEncoding = 4; lastKnownFileType = sourcecode.cpp.cpp; path = multi_transform.cpp; sourceTree = "<group>"; };
		404EB7CB0E6CC10B000FA6D1 /* multi_transform_local.h */ = {isa = PBXFileReference; fileEncoding = 4; lastKnownFileType = sourcecode.c.h; path = multi_transform_local.h; sourceTree = "<group>"; };
		404EB7CC0E6CC10B000FA6D1 /* synthesis.cpp */ = {isa = PBXFileReference; fileEncoding = 4; lastKnownFileType = sourcecode.cpp.cpp; path = synthesis.cpp; sourceTree = "<group>"; };
		404EB7CD0E6CC10B000FA6D1 /* synthesis_local.h */ = {isa = PBXFileReference; fileEncoding = 4; lastKnownFileType = sourcecode.c.h; path = synthesis_local.h; sourceTree = "<group>"; };
		404EB7CE0E6CC10B000FA6D1 /* transform_local.h */ = {isa = PBXFileReference; fileEncoding = 4; lastKnownFileType = sourcecode.c.h; path = transform_local.h; sourceTree = "<group>"; };
		404EB7CF0E6CC10B000FA6D1 /* x86_colour_local.h */ = {isa = PBXFileReference; fileEncoding = 4; lastKnownFileType = sourcecode.c.h; path = x86_colour_local.h; sourceTree = "<group>"; };
		404EB7D00E6CC10B000FA6D1 /* x86_dwt_local.h */ = {isa = PBXFileReference; fileEncoding = 4; lastKnownFileType = sourcecode.c.h; path = x86_dwt_local.h; sourceTree = "<group>"; };
		406942CF1421590F000ED6AA /* encoding_local.h */ = {isa = PBXFileReference; fileEncoding = 4; lastKnownFileType = sourcecode.c.h; path = encoding_local.h; sourceTree = "<group>"; };
		406942D21421591E000ED6AA /* decoding_local.h */ = {isa = PBXFileReference; fileEncoding = 4; lastKnownFileType = sourcecode.c.h; path = decoding_local.h; sourceTree = "<group>"; };
		40830A000F70A18E00738F5A /* kdu_messaging.h */ = {isa = PBXFileReference; fileEncoding = 4; lastKnownFileType = sourcecode.c.h; path = kdu_messaging.h; sourceTree = "<group>"; };
		40B5254213A8889400DA29D0 /* avx_colour_local.cpp */ = {isa = PBXFileReference; fileEncoding = 4; lastKnownFileType = sourcecode.cpp.cpp; path = avx_colour_local.cpp; sourceTree = "<group>"; };
		40B5254613A888CE00DA29D0 /* avx_coder_local.cpp */ = {isa = PBXFileReference; fileEncoding = 4; lastKnownFileType = sourcecode.cpp.cpp; path = avx_coder_local.cpp; sourceTree = "<group>"; };
		40D8643314341DBA008EA438 /* x86_decoder_local.h */ = {isa = PBXFileReference; fileEncoding = 4; lastKnownFileType = sourcecode.c.h; path = x86_decoder_local.h; sourceTree = "<group>"; };
		40D8643C14341ECC008EA438 /* gcc_decoder_mmx_local.h */ = {isa = PBXFileReference; fileEncoding = 4; lastKnownFileType = sourcecode.c.h; path = gcc_decoder_mmx_local.h; sourceTree = "<group>"; };
		63F5A96616DBB011008B0581 /* kdu_ubiquitous.h */ = {isa = PBXFileReference; fileEncoding = 4; lastKnownFileType = sourcecode.c.h; path = kdu_ubiquitous.h; sourceTree = "<group>"; };
		D2AAC09D05546B4700DB518D /* libkdu_v72D.dylib */ = {isa = PBXFileReference; explicitFileType = "compiled.mach-o.dylib"; includeInIndex = 0; path = libkdu_v72D.dylib; sourceTree = BUILT_PRODUCTS_DIR; };
/* End PBXFileReference section */

/* Begin PBXFrameworksBuildPhase section */
		4007722D121AB97C002F0CDE /* Frameworks */ = {
			isa = PBXFrameworksBuildPhase;
			buildActionMask = 2147483647;
			files = (
			);
			runOnlyForDeploymentPostprocessing = 0;
		};
		D2AAC09B05546B4700DB518D /* Frameworks */ = {
			isa = PBXFrameworksBuildPhase;
			buildActionMask = 2147483647;
			files = (
			);
			runOnlyForDeploymentPostprocessing = 0;
		};
/* End PBXFrameworksBuildPhase section */

/* Begin PBXGroup section */
		034768DDFF38A45A11DB9C8B /* Products */ = {
			isa = PBXGroup;
			children = (
				D2AAC09D05546B4700DB518D /* libkdu_v72D.dylib */,
				4007722F121AB97C002F0CDE /* libkdu_v72D.a */,
			);
			name = Products;
			sourceTree = "<group>";
		};
		0867D691FE84028FC02AAC07 /* coresys */ = {
			isa = PBXGroup;
			children = (
				5073E0CA09E734BC00EC74B6 /* Configuration Files */,
				08FB77ACFE841707C02AAC07 /* Source */,
				0867D69AFE84028FC02AAC07 /* External Frameworks and Libraries */,
				034768DDFF38A45A11DB9C8B /* Products */,
			);
			name = coresys;
			sourceTree = "<group>";
		};
		0867D69AFE84028FC02AAC07 /* External Frameworks and Libraries */ = {
			isa = PBXGroup;
			children = (
			);
			name = "External Frameworks and Libraries";
			sourceTree = "<group>";
		};
		08FB77ACFE841707C02AAC07 /* Source */ = {
			isa = PBXGroup;
			children = (
				404EB7850E6CC0B3000FA6D1 /* common */,
				404EB7B90E6CC101000FA6D1 /* threads */,
				404EB7AC0E6CC0D9000FA6D1 /* messaging */,
				404EB7A90E6CC0CC000FA6D1 /* kernels */,
				404EB7AF0E6CC0E7000FA6D1 /* parameters */,
				404EB7A00E6CC0BC000FA6D1 /* compressed */,
				404EB7B40E6CC0F3000FA6D1 /* roi */,
				404EB7BE0E6CC10B000FA6D1 /* transform */,
				404EB7680E6CC0A0000FA6D1 /* coding */,
			);
			name = Source;
			sourceTree = "<group>";
		};
		404EB7680E6CC0A0000FA6D1 /* coding */ = {
			isa = PBXGroup;
			children = (
				40D8643C14341ECC008EA438 /* gcc_decoder_mmx_local.h */,
				404EB7690E6CC0A0000FA6D1 /* block_coding_common.cpp */,
				404EB76A0E6CC0A0000FA6D1 /* block_coding_common.h */,
				404EB76B0E6CC0A0000FA6D1 /* block_decoder.cpp */,
				404EB76C0E6CC0A0000FA6D1 /* block_encoder.cpp */,
				406942D21421591E000ED6AA /* decoding_local.h */,
				406942CF1421590F000ED6AA /* encoding_local.h */,
				404EB76D0E6CC0A0000FA6D1 /* decoder.cpp */,
				404EB76E0E6CC0A0000FA6D1 /* encoder.cpp */,
				404EB7700E6CC0A0000FA6D1 /* mq_decoder.cpp */,
				404EB7710E6CC0A0000FA6D1 /* mq_decoder.h */,
				404EB7720E6CC0A0000FA6D1 /* mq_encoder.cpp */,
				404EB7730E6CC0A0000FA6D1 /* mq_encoder.h */,
				40D8643314341DBA008EA438 /* x86_decoder_local.h */,
				404EB7760E6CC0A0000FA6D1 /* x86_encoder_local.h */,
				40B5254613A888CE00DA29D0 /* avx_coder_local.cpp */,
			);
			path = coding;
			sourceTree = "<group>";
		};
		404EB7850E6CC0B3000FA6D1 /* common */ = {
			isa = PBXGroup;
			children = (
				63F5A96616DBB011008B0581 /* kdu_ubiquitous.h */,
				40830A000F70A18E00738F5A /* kdu_messaging.h */,
				404EB7870E6CC0B3000FA6D1 /* kdu_arch.cpp */,
				404EB7890E6CC0B3000FA6D1 /* kdu_block_coding.h */,
				404EB78A0E6CC0B3000FA6D1 /* kdu_compressed.h */,
				404EB78B0E6CC0B3000FA6D1 /* kdu_elementary.h */,
				404EB78C0E6CC0B3000FA6D1 /* kdu_kernels.h */,
				404EB7880E6CC0B3000FA6D1 /* kdu_arch.h */,
				404EB78E0E6CC0B3000FA6D1 /* kdu_params.h */,
				404EB78F0E6CC0B3000FA6D1 /* kdu_roi_processing.h */,
				404EB7900E6CC0B3000FA6D1 /* kdu_sample_processing.h */,
				404EB7910E6CC0B3000FA6D1 /* kdu_threads.h */,
				404EB7920E6CC0B3000FA6D1 /* kdu_utils.h */,
			);
			path = common;
			sourceTree = "<group>";
		};
		404EB7A00E6CC0BC000FA6D1 /* compressed */ = {
			isa = PBXGroup;
			children = (
				404EB7A10E6CC0BC000FA6D1 /* blocks.cpp */,
				404EB7A20E6CC0BC000FA6D1 /* codestream.cpp */,
				404EB7A30E6CC0BC000FA6D1 /* compressed.cpp */,
				404EB7A40E6CC0BC000FA6D1 /* compressed_local.h */,
			);
			path = compressed;
			sourceTree = "<group>";
		};
		404EB7A90E6CC0CC000FA6D1 /* kernels */ = {
			isa = PBXGroup;
			children = (
				404EB7AA0E6CC0CC000FA6D1 /* kernels.cpp */,
			);
			path = kernels;
			sourceTree = "<group>";
		};
		404EB7AC0E6CC0D9000FA6D1 /* messaging */ = {
			isa = PBXGroup;
			children = (
				404EB7AD0E6CC0D9000FA6D1 /* messaging.cpp */,
			);
			path = messaging;
			sourceTree = "<group>";
		};
		404EB7AF0E6CC0E7000FA6D1 /* parameters */ = {
			isa = PBXGroup;
			children = (
				404EB7B00E6CC0E7000FA6D1 /* params.cpp */,
				404EB7B10E6CC0E7000FA6D1 /* params_local.h */,
			);
			path = parameters;
			sourceTree = "<group>";
		};
		404EB7B40E6CC0F3000FA6D1 /* roi */ = {
			isa = PBXGroup;
			children = (
				404EB7B50E6CC0F3000FA6D1 /* roi.cpp */,
				404EB7B60E6CC0F3000FA6D1 /* roi_local.h */,
			);
			path = roi;
			sourceTree = "<group>";
		};
		404EB7B90E6CC101000FA6D1 /* threads */ = {
			isa = PBXGroup;
			children = (
				404EB7BA0E6CC101000FA6D1 /* kdu_threads.cpp */,
				404EB7BB0E6CC101000FA6D1 /* threads_local.h */,
			);
			path = threads;
			sourceTree = "<group>";
		};
		404EB7BE0E6CC10B000FA6D1 /* transform */ = {
			isa = PBXGroup;
			children = (
				40B5254213A8889400DA29D0 /* avx_colour_local.cpp */,
				404EB7BF0E6CC10B000FA6D1 /* analysis.cpp */,
				404EB7C00E6CC10B000FA6D1 /* analysis_local.h */,
				404EB7C10E6CC10B000FA6D1 /* colour.cpp */,
				404EB7C20E6CC10B000FA6D1 /* gcc_colour_altivec_local.h */,
				404EB7C50E6CC10B000FA6D1 /* gcc_dwt_altivec_local.h */,
				404EB7CA0E6CC10B000FA6D1 /* multi_transform.cpp */,
				404EB7CB0E6CC10B000FA6D1 /* multi_transform_local.h */,
				404EB7CC0E6CC10B000FA6D1 /* synthesis.cpp */,
				404EB7CD0E6CC10B000FA6D1 /* synthesis_local.h */,
				404EB7CE0E6CC10B000FA6D1 /* transform_local.h */,
				404EB7CF0E6CC10B000FA6D1 /* x86_colour_local.h */,
				404EB7D00E6CC10B000FA6D1 /* x86_dwt_local.h */,
			);
			path = transform;
			sourceTree = "<group>";
		};
		5073E0CA09E734BC00EC74B6 /* Configuration Files */ = {
			isa = PBXGroup;
			children = (
			);
			name = "Configuration Files";
			sourceTree = "<group>";
		};
/* End PBXGroup section */

/* Begin PBXHeadersBuildPhase section */
		4007722B121AB97C002F0CDE /* Headers */ = {
			isa = PBXHeadersBuildPhase;
			buildActionMask = 2147483647;
			files = (
				4007724E121ABD9C002F0CDE /* block_coding_common.h in Headers */,
				4007724F121ABD9D002F0CDE /* mq_decoder.h in Headers */,
				40077250121ABD9E002F0CDE /* mq_encoder.h in Headers */,
				40077251121ABD9F002F0CDE /* x86_encoder_local.h in Headers */,
				40077252121ABDA3002F0CDE /* analysis_local.h in Headers */,
				40077253121ABDA4002F0CDE /* gcc_colour_altivec_local.h in Headers */,
				40077254121ABDA4002F0CDE /* gcc_dwt_altivec_local.h in Headers */,
				40077255121ABDA5002F0CDE /* multi_transform_local.h in Headers */,
				40077256121ABDA6002F0CDE /* synthesis_local.h in Headers */,
				40077257121ABDA6002F0CDE /* transform_local.h in Headers */,
				40077258121ABDA7002F0CDE /* x86_colour_local.h in Headers */,
				40077259121ABDA8002F0CDE /* x86_dwt_local.h in Headers */,
				4007725A121ABDAC002F0CDE /* roi_local.h in Headers */,
				4007725B121ABDAF002F0CDE /* compressed_local.h in Headers */,
				4007725C121ABDB3002F0CDE /* params_local.h in Headers */,
				4007725D121ABDBA002F0CDE /* threads_local.h in Headers */,
				4007725E121ABDBD002F0CDE /* kdu_arch.h in Headers */,
				4007725F121ABDBD002F0CDE /* kdu_block_coding.h in Headers */,
				40077260121ABDBE002F0CDE /* kdu_compressed.h in Headers */,
				40077261121ABDBE002F0CDE /* kdu_elementary.h in Headers */,
				40077262121ABDBF002F0CDE /* kdu_kernels.h in Headers */,
				40077263121ABDBF002F0CDE /* kdu_messaging.h in Headers */,
				40077264121ABDC0002F0CDE /* kdu_params.h in Headers */,
				40077265121ABDC0002F0CDE /* kdu_roi_processing.h in Headers */,
				40077266121ABDC0002F0CDE /* kdu_sample_processing.h in Headers */,
				40077267121ABDC2002F0CDE /* kdu_threads.h in Headers */,
				40077268121ABDC2002F0CDE /* kdu_utils.h in Headers */,
				406942D11421590F000ED6AA /* encoding_local.h in Headers */,
				406942D41421591E000ED6AA /* decoding_local.h in Headers */,
				40D8643414341DBA008EA438 /* x86_decoder_local.h in Headers */,
				40D8643D14341ECC008EA438 /* gcc_decoder_mmx_local.h in Headers */,
			);
			runOnlyForDeploymentPostprocessing = 0;
		};
		D2AAC09905546B4700DB518D /* Headers */ = {
			isa = PBXHeadersBuildPhase;
			buildActionMask = 2147483647;
			files = (
				404EB7780E6CC0A0000FA6D1 /* block_coding_common.h in Headers */,
				404EB77F0E6CC0A0000FA6D1 /* mq_decoder.h in Headers */,
				404EB7810E6CC0A0000FA6D1 /* mq_encoder.h in Headers */,
				404EB7840E6CC0A0000FA6D1 /* x86_encoder_local.h in Headers */,
				404EB7950E6CC0B3000FA6D1 /* kdu_arch.h in Headers */,
				404EB7960E6CC0B3000FA6D1 /* kdu_block_coding.h in Headers */,
				404EB7970E6CC0B3000FA6D1 /* kdu_compressed.h in Headers */,
				404EB7980E6CC0B3000FA6D1 /* kdu_elementary.h in Headers */,
				404EB7990E6CC0B3000FA6D1 /* kdu_kernels.h in Headers */,
				404EB79B0E6CC0B3000FA6D1 /* kdu_params.h in Headers */,
				404EB79C0E6CC0B3000FA6D1 /* kdu_roi_processing.h in Headers */,
				404EB79D0E6CC0B3000FA6D1 /* kdu_sample_processing.h in Headers */,
				404EB79E0E6CC0B3000FA6D1 /* kdu_threads.h in Headers */,
				404EB79F0E6CC0B3000FA6D1 /* kdu_utils.h in Headers */,
				404EB7A80E6CC0BC000FA6D1 /* compressed_local.h in Headers */,
				404EB7B30E6CC0E7000FA6D1 /* params_local.h in Headers */,
				404EB7B80E6CC0F3000FA6D1 /* roi_local.h in Headers */,
				404EB7BD0E6CC101000FA6D1 /* threads_local.h in Headers */,
				404EB7D20E6CC10B000FA6D1 /* analysis_local.h in Headers */,
				404EB7D40E6CC10B000FA6D1 /* gcc_colour_altivec_local.h in Headers */,
				404EB7D70E6CC10B000FA6D1 /* gcc_dwt_altivec_local.h in Headers */,
				404EB7DD0E6CC10B000FA6D1 /* multi_transform_local.h in Headers */,
				404EB7DF0E6CC10B000FA6D1 /* synthesis_local.h in Headers */,
				404EB7E00E6CC10B000FA6D1 /* transform_local.h in Headers */,
				404EB7E10E6CC10B000FA6D1 /* x86_colour_local.h in Headers */,
				404EB7E20E6CC10B000FA6D1 /* x86_dwt_local.h in Headers */,
				40830A010F70A18E00738F5A /* kdu_messaging.h in Headers */,
				406942D01421590F000ED6AA /* encoding_local.h in Headers */,
				406942D31421591E000ED6AA /* decoding_local.h in Headers */,
				40D8643514341DBA008EA438 /* x86_decoder_local.h in Headers */,
				40D8643E14341ECC008EA438 /* gcc_decoder_mmx_local.h in Headers */,
				63F5A96716DBB011008B0581 /* kdu_ubiquitous.h in Headers */,
			);
			runOnlyForDeploymentPostprocessing = 0;
		};
/* End PBXHeadersBuildPhase section */

/* Begin PBXNativeTarget section */
		4007722E121AB97C002F0CDE /* coresys_static */ = {
			isa = PBXNativeTarget;
			buildConfigurationList = 40077232121AB9BA002F0CDE /* Build configuration list for PBXNativeTarget "coresys_static" */;
			buildPhases = (
				4007722B121AB97C002F0CDE /* Headers */,
				4007722C121AB97C002F0CDE /* Sources */,
				4007722D121AB97C002F0CDE /* Frameworks */,
			);
			buildRules = (
			);
			dependencies = (
			);
			name = coresys_static;
			productName = staticlib;
			productReference = 4007722F121AB97C002F0CDE /* libkdu_v72D.a */;
			productType = "com.apple.product-type.library.static";
		};
		D2AAC09C05546B4700DB518D /* coresys */ = {
			isa = PBXNativeTarget;
			buildConfigurationList = 1DEB916008733D950010E9CD /* Build configuration list for PBXNativeTarget "coresys" */;
			buildPhases = (
				D2AAC09905546B4700DB518D /* Headers */,
				D2AAC09B05546B4700DB518D /* Frameworks */,
				D2AAC09A05546B4700DB518D /* Sources */,
			);
			buildRules = (
			);
			dependencies = (
			);
			name = coresys;
			productName = libcoresys;
			productReference = D2AAC09D05546B4700DB518D /* libkdu_v72D.dylib */;
			productType = "com.apple.product-type.library.dynamic";
		};
/* End PBXNativeTarget section */

/* Begin PBXProject section */
		0867D690FE84028FC02AAC07 /* Project object */ = {
			isa = PBXProject;
			attributes = {
				LastUpgradeCheck = 0450;
			};
			buildConfigurationList = 1DEB916408733D950010E9CD /* Build configuration list for PBXProject "coresys" */;
			compatibilityVersion = "Xcode 3.2";
			developmentRegion = English;
			hasScannedForEncodings = 1;
			knownRegions = (
				English,
				Japanese,
				French,
				German,
			);
			mainGroup = 0867D691FE84028FC02AAC07 /* coresys */;
			productRefGroup = 034768DDFF38A45A11DB9C8B /* Products */;
			projectDirPath = "";
			projectRoot = "";
			targets = (
				D2AAC09C05546B4700DB518D /* coresys */,
				4007722E121AB97C002F0CDE /* coresys_static */,
				40EB83F8121B5A4700E75D76 /* Build-all */,
			);
		};
/* End PBXProject section */

/* Begin PBXSourcesBuildPhase section */
		4007722C121AB97C002F0CDE /* Sources */ = {
			isa = PBXSourcesBuildPhase;
			buildActionMask = 2147483647;
			files = (
				40077238121ABD1F002F0CDE /* kdu_arch.cpp in Sources */,
				4007723A121ABD3B002F0CDE /* kdu_threads.cpp in Sources */,
				4007723B121ABD40002F0CDE /* messaging.cpp in Sources */,
				4007723C121ABD46002F0CDE /* kernels.cpp in Sources */,
				4007723D121ABD4F002F0CDE /* params.cpp in Sources */,
				4007723E121ABD55002F0CDE /* blocks.cpp in Sources */,
				4007723F121ABD59002F0CDE /* codestream.cpp in Sources */,
				40077240121ABD5A002F0CDE /* compressed.cpp in Sources */,
				40077241121ABD5E002F0CDE /* roi.cpp in Sources */,
				40077242121ABD62002F0CDE /* analysis.cpp in Sources */,
				40077243121ABD64002F0CDE /* colour.cpp in Sources */,
				40077245121ABD6F002F0CDE /* multi_transform.cpp in Sources */,
				40077246121ABD75002F0CDE /* synthesis.cpp in Sources */,
				40077247121ABD80002F0CDE /* block_coding_common.cpp in Sources */,
				40077248121ABD83002F0CDE /* block_decoder.cpp in Sources */,
				40077249121ABD84002F0CDE /* block_encoder.cpp in Sources */,
				4007724A121ABD86002F0CDE /* decoder.cpp in Sources */,
				4007724B121ABD87002F0CDE /* encoder.cpp in Sources */,
				4007724C121ABD89002F0CDE /* mq_decoder.cpp in Sources */,
				4007724D121ABD8C002F0CDE /* mq_encoder.cpp in Sources */,
				40B5254413A8889400DA29D0 /* avx_colour_local.cpp in Sources */,
				40B5254813A888CE00DA29D0 /* avx_coder_local.cpp in Sources */,
			);
			runOnlyForDeploymentPostprocessing = 0;
		};
		D2AAC09A05546B4700DB518D /* Sources */ = {
			isa = PBXSourcesBuildPhase;
			buildActionMask = 2147483647;
			files = (
				404EB7770E6CC0A0000FA6D1 /* block_coding_common.cpp in Sources */,
				404EB7790E6CC0A0000FA6D1 /* block_decoder.cpp in Sources */,
				404EB77A0E6CC0A0000FA6D1 /* block_encoder.cpp in Sources */,
				404EB77B0E6CC0A0000FA6D1 /* decoder.cpp in Sources */,
				404EB77C0E6CC0A0000FA6D1 /* encoder.cpp in Sources */,
				404EB77E0E6CC0A0000FA6D1 /* mq_decoder.cpp in Sources */,
				404EB7800E6CC0A0000FA6D1 /* mq_encoder.cpp in Sources */,
				404EB7940E6CC0B3000FA6D1 /* kdu_arch.cpp in Sources */,
				404EB7A50E6CC0BC000FA6D1 /* blocks.cpp in Sources */,
				404EB7A60E6CC0BC000FA6D1 /* codestream.cpp in Sources */,
				404EB7A70E6CC0BC000FA6D1 /* compressed.cpp in Sources */,
				404EB7AB0E6CC0CC000FA6D1 /* kernels.cpp in Sources */,
				404EB7AE0E6CC0D9000FA6D1 /* messaging.cpp in Sources */,
				404EB7B20E6CC0E7000FA6D1 /* params.cpp in Sources */,
				404EB7B70E6CC0F3000FA6D1 /* roi.cpp in Sources */,
				404EB7BC0E6CC101000FA6D1 /* kdu_threads.cpp in Sources */,
				404EB7D10E6CC10B000FA6D1 /* analysis.cpp in Sources */,
				404EB7D30E6CC10B000FA6D1 /* colour.cpp in Sources */,
				404EB7DC0E6CC10B000FA6D1 /* multi_transform.cpp in Sources */,
				404EB7DE0E6CC10B000FA6D1 /* synthesis.cpp in Sources */,
				40B5254313A8889400DA29D0 /* avx_colour_local.cpp in Sources */,
				40B5254713A888CE00DA29D0 /* avx_coder_local.cpp in Sources */,
			);
			runOnlyForDeploymentPostprocessing = 0;
		};
/* End PBXSourcesBuildPhase section */

/* Begin PBXTargetDependency section */
		40EB83FC121B5A5700E75D76 /* PBXTargetDependency */ = {
			isa = PBXTargetDependency;
			target = D2AAC09C05546B4700DB518D /* coresys */;
			targetProxy = 40EB83FB121B5A5700E75D76 /* PBXContainerItemProxy */;
		};
		40EB83FE121B5A5B00E75D76 /* PBXTargetDependency */ = {
			isa = PBXTargetDependency;
			target = 4007722E121AB97C002F0CDE /* coresys_static */;
			targetProxy = 40EB83FD121B5A5B00E75D76 /* PBXContainerItemProxy */;
		};
/* End PBXTargetDependency section */

/* Begin XCBuildConfiguration section */
		1DEB916108733D950010E9CD /* Debug */ = {
			isa = XCBuildConfiguration;
			buildSettings = {
				ARCHS = "$(NATIVE_ARCH_ACTUAL)";
				CLANG_X86_VECTOR_INSTRUCTIONS = avx;
				COMBINE_HIDPI_IMAGES = YES;
				CONFIGURATION_BUILD_DIR = ../../bin;
				CONFIGURATION_TEMP_DIR = "$(PROJECT_DIR)/../../xcode/coresys/Debug";
				COPY_PHASE_STRIP = NO;
				GCC_ALTIVEC_EXTENSIONS = YES;
				GCC_DYNAMIC_NO_PIC = NO;
				GCC_ENABLE_SSE3_EXTENSIONS = YES;
				GCC_ENABLE_SUPPLEMENTAL_SSE3_INSTRUCTIONS = YES;
				GCC_MODEL_TUNING = G4;
				GCC_ONE_BYTE_BOOL = NO;
				GCC_OPTIMIZATION_LEVEL = 0;
				GCC_PREPROCESSOR_DEFINITIONS = (
					KDU_NO_AVX,
					KDU_MAC_SPEEDUPS,
				);
				LD_DYLIB_INSTALL_NAME = "$(DYLIB_INSTALL_NAME_BASE:standardizepath)/$(EXECUTABLE_PATH)";
				LIBRARY_SEARCH_PATHS = (
					"$(inherited)",
					"\"$(SRCROOT)/../../bin\"",
				);
				OBJROOT = ../../xcode/coresys;
				PRODUCT_NAME = libkdu_v72D;
				SYMROOT = ../../bin;
				ZERO_LINK = YES;
			};
			name = Debug;
		};
		1DEB916208733D950010E9CD /* Release */ = {
			isa = XCBuildConfiguration;
			buildSettings = {
				ARCHS = (
					x86_64,
					i386,
					ppc,
				);
				CLANG_X86_VECTOR_INSTRUCTIONS = avx;
				COMBINE_HIDPI_IMAGES = YES;
				CONFIGURATION_BUILD_DIR = "$(BUILD_DIR)";
				CONFIGURATION_TEMP_DIR = "$(PROJECT_DIR)/../../xcode/coresys/Release";
				DEBUG_INFORMATION_FORMAT = "dwarf-with-dsym";
				GCC_ALTIVEC_EXTENSIONS = YES;
				GCC_ENABLE_SSE3_EXTENSIONS = YES;
				GCC_ENABLE_SUPPLEMENTAL_SSE3_INSTRUCTIONS = YES;
				GCC_GENERATE_DEBUGGING_SYMBOLS = NO;
				GCC_MODEL_TUNING = G4;
				GCC_ONE_BYTE_BOOL = NO;
				GCC_OPTIMIZATION_LEVEL = 3;
				GCC_PREPROCESSOR_DEFINITIONS = (
					KDU_NO_AVX,
					NDEBUG,
					KDU_MAC_SPEEDUPS,
				);
				GCC_WARN_64_TO_32_BIT_CONVERSION = NO;
				GCC_WARN_ABOUT_MISSING_NEWLINE = YES;
				GCC_WARN_CHECK_SWITCH_STATEMENTS = NO;
				GCC_WARN_EFFECTIVE_CPLUSPLUS_VIOLATIONS = NO;
				GCC_WARN_FOUR_CHARACTER_CONSTANTS = NO;
				GCC_WARN_HIDDEN_VIRTUAL_FUNCTIONS = YES;
				GCC_WARN_MISSING_PARENTHESES = YES;
				GCC_WARN_NON_VIRTUAL_DESTRUCTOR = YES;
				GCC_WARN_SHADOW = NO;
				GCC_WARN_SIGN_COMPARE = YES;
				LIBRARY_SEARCH_PATHS = (
					"$(inherited)",
					"\"$(SRCROOT)/../../bin\"",
				);
				OBJROOT = ../../xcode/coresys;
				PRODUCT_NAME = libkdu_v72R;
				STRIP_INSTALLED_PRODUCT = YES;
				STRIP_STYLE = "non-global";
				SYMROOT = ../../bin;
			};
			name = Release;
		};
		1DEB916508733D950010E9CD /* Debug */ = {
			isa = XCBuildConfiguration;
			buildSettings = {
				CONFIGURATION_BUILD_DIR = ../../bin;
				CONFIGURATION_TEMP_DIR = "$(PROJECT_DIR)/../../xcode/coresys/Debug";
				GCC_ALTIVEC_EXTENSIONS = YES;
				GCC_ENABLE_SSE3_EXTENSIONS = YES;
				GCC_ENABLE_SUPPLEMENTAL_SSE3_INSTRUCTIONS = YES;
				GCC_INLINES_ARE_PRIVATE_EXTERN = YES;
				GCC_PREPROCESSOR_DEFINITIONS = KDU_MAC_SPEEDUPS;
				GCC_WARN_ABOUT_RETURN_TYPE = YES;
				GCC_WARN_UNUSED_VARIABLE = YES;
				OBJROOT = ../../xcode/coresys;
				PRODUCT_NAME = libkdu_v72D;
				SDKROOT = macosx10.7;
				SYMROOT = ../../bin;
			};
			name = Debug;
		};
		1DEB916608733D950010E9CD /* Release */ = {
			isa = XCBuildConfiguration;
			buildSettings = {
				ARCHS = (
					ppc,
					i386,
				);
				CONFIGURATION_BUILD_DIR = "$(BUILD_DIR)";
				CONFIGURATION_TEMP_DIR = "$(PROJECT_DIR)/../../xcode/coresys/Release";
				GCC_ALTIVEC_EXTENSIONS = YES;
				GCC_ENABLE_SSE3_EXTENSIONS = YES;
				GCC_ENABLE_SSE41_EXTENSIONS = NO;
				GCC_ENABLE_SSE42_EXTENSIONS = NO;
				GCC_ENABLE_SUPPLEMENTAL_SSE3_INSTRUCTIONS = YES;
				GCC_INLINES_ARE_PRIVATE_EXTERN = YES;
				GCC_PREPROCESSOR_DEFINITIONS = (
					NDEBUG,
					KDU_MAC_SPEEDUPS,
				);
				GCC_WARN_ABOUT_RETURN_TYPE = YES;
				GCC_WARN_UNUSED_VARIABLE = YES;
				OBJROOT = ../../xcode/coresys;
				PRODUCT_NAME = libkdu_v72R;
				SDKROOT = macosx10.7;
				SYMROOT = ../../bin;
			};
			name = Release;
		};
		40077230121AB97C002F0CDE /* Debug */ = {
			isa = XCBuildConfiguration;
			buildSettings = {
				ALWAYS_SEARCH_USER_PATHS = YES;
				ARCHS = "$(NATIVE_ARCH_ACTUAL)";
				COMBINE_HIDPI_IMAGES = YES;
				CONFIGURATION_BUILD_DIR = ../../lib;
				CONFIGURATION_TEMP_DIR = "$(PROJECT_DIR)/../../xcode/coresys_static/Debug";
				COPY_PHASE_STRIP = NO;
				EXECUTABLE_PREFIX = "";
				GCC_DYNAMIC_NO_PIC = NO;
				GCC_MODEL_TUNING = G5;
				GCC_OPTIMIZATION_LEVEL = 0;
				INSTALL_PATH = /usr/local/lib;
				OBJROOT = ../../xcode/coresys_static;
				PRODUCT_NAME = libkdu_v72D;
				SYMROOT = ../../lib;
			};
			name = Debug;
		};
		40077231121AB97C002F0CDE /* Release */ = {
			isa = XCBuildConfiguration;
			buildSettings = {
				ALWAYS_SEARCH_USER_PATHS = YES;
				ARCHS = (
					ppc,
					x86_64,
				);
				COMBINE_HIDPI_IMAGES = YES;
				CONFIGURATION_TEMP_DIR = "$(PROJECT_DIR)/../../xcode/coresys_static/Release";
				COPY_PHASE_STRIP = YES;
				DEBUG_INFORMATION_FORMAT = "dwarf-with-dsym";
				EXECUTABLE_PREFIX = "";
				GCC_MODEL_TUNING = G5;
				INSTALL_PATH = /usr/local/lib;
				OBJROOT = ../../xcode/coresys_static;
				PRODUCT_NAME = libkdu_v72R;
				SYMROOT = ../../lib;
				ZERO_LINK = NO;
			};
			name = Release;
		};
		40EB83F9121B5A4800E75D76 /* Debug */ = {
			isa = XCBuildConfiguration;
			buildSettings = {
				COMBINE_HIDPI_IMAGES = YES;
				COPY_PHASE_STRIP = NO;
				GCC_DYNAMIC_NO_PIC = NO;
				GCC_OPTIMIZATION_LEVEL = 0;
				PRODUCT_NAME = "Build-all";
			};
			name = Debug;
		};
		40EB83FA121B5A4800E75D76 /* Release */ = {
			isa = XCBuildConfiguration;
			buildSettings = {
				COMBINE_HIDPI_IMAGES = YES;
				COPY_PHASE_STRIP = YES;
				DEBUG_INFORMATION_FORMAT = "dwarf-with-dsym";
				PRODUCT_NAME = "Build-all";
				ZERO_LINK = NO;
			};
			name = Release;
		};
/* End XCBuildConfiguration section */

/* Begin XCConfigurationList section */
		1DEB916008733D950010E9CD /* Build configuration list for PBXNativeTarget "coresys" */ = {
			isa = XCConfigurationList;
			buildConfigurations = (
				1DEB916108733D950010E9CD /* Debug */,
				1DEB916208733D950010E9CD /* Release */,
			);
			defaultConfigurationIsVisible = 0;
			defaultConfigurationName = Release;
		};
		1DEB916408733D950010E9CD /* Build configuration list for PBXProject "coresys" */ = {
			isa = XCConfigurationList;
			buildConfigurations = (
				1DEB916508733D950010E9CD /* Debug */,
				1DEB916608733D950010E9CD /* Release */,
			);
			defaultConfigurationIsVisible = 0;
			defaultConfigurationName = Release;
		};
		40077232121AB9BA002F0CDE /* Build configuration list for PBXNativeTarget "coresys_static" */ = {
			isa = XCConfigurationList;
			buildConfigurations = (
				40077230121AB97C002F0CDE /* Debug */,
				40077231121AB97C002F0CDE /* Release */,
			);
			defaultConfigurationIsVisible = 0;
			defaultConfigurationName = Release;
		};
		40EB8407121B5A9A00E75D76 /* Build configuration list for PBXAggregateTarget "Build-all" */ = {
			isa = XCConfigurationList;
			buildConfigurations = (
				40EB83F9121B5A4800E75D76 /* Debug */,
				40EB83FA121B5A4800E75D76 /* Release */,
			);
			defaultConfigurationIsVisible = 0;
			defaultConfigurationName = Release;
		};
/* End XCConfigurationList section */
	};
	rootObject = 0867D690FE84028FC02AAC07 /* Project object */;
}
