<?xml version="1.0" encoding="utf-8"?>
<Project ToolsVersion="4.0" xmlns="http://schemas.microsoft.com/developer/msbuild/2003">
  <ItemGroup>
    <Filter Include="Source Files">
      <UniqueIdentifier>{a2ac66ad-f1fb-471d-aadb-3f744dd14225}</UniqueIdentifier>
    </Filter>
    <Filter Include="Header Files">
      <UniqueIdentifier>{8930b02a-e48d-4457-9d1b-d5d74cd5e139}</UniqueIdentifier>
    </Filter>
    <Filter Include="Aux Source Files">
      <UniqueIdentifier>{ebc56630-75f7-4574-a3f9-5520cedb0fe7}</UniqueIdentifier>
    </Filter>
    <Filter Include="Aux Source Files\jp2">
      <UniqueIdentifier>{a97d1e02-ae5d-4fd4-86d7-91731f516f76}</UniqueIdentifier>
    </Filter>
    <Filter Include="Aux Source Files\image">
      <UniqueIdentifier>{f4e03bd4-3653-4023-87c1-d046b0a59a32}</UniqueIdentifier>
    </Filter>
    <Filter Include="Aux Source Files\support">
      <UniqueIdentifier>{0ca2e608-ab58-4a90-a6e1-3b3ba3ade485}</UniqueIdentifier>
    </Filter>
    <Filter Include="Aux Source Files\caching_souces">
      <UniqueIdentifier>{66530526-8e9d-498c-a03a-f4bba2e5a1db}</UniqueIdentifier>
    </Filter>
    <Filter Include="Aux Source Files\server">
      <UniqueIdentifier>{f22c2620-8f24-43b5-a395-0500f112d568}</UniqueIdentifier>
    </Filter>
    <Filter Include="Aux Source Files\client_server">
      <UniqueIdentifier>{528be6e4-c722-4830-b72f-9d9587322ee1}</UniqueIdentifier>
    </Filter>
    <Filter Include="Aux Source Files\client">
      <UniqueIdentifier>{2d49748d-40e8-46d0-86f7-37a054a0edbc}</UniqueIdentifier>
    </Filter>
  </ItemGroup>
  <ItemGroup>
    <ClCompile Include="kdu_aux.cpp">
      <Filter>Source Files</Filter>
    </ClCompile>
    <ClCompile Include="..\..\apps\jp2\jp2.cpp">
      <Filter>Aux Source Files\jp2</Filter>
    </ClCompile>
    <ClCompile Include="..\..\apps\jp2\jpx.cpp">
      <Filter>Aux Source Files\jp2</Filter>
    </ClCompile>
    <ClCompile Include="..\..\apps\jp2\mj2.cpp">
      <Filter>Aux Source Files\jp2</Filter>
    </ClCompile>
    <ClCompile Include="..\..\apps\image\kdu_tiff.cpp">
      <Filter>Aux Source Files\image</Filter>
    </ClCompile>
    <ClCompile Include="..\..\apps\support\kdu_region_compositor.cpp">
      <Filter>Aux Source Files\support</Filter>
    </ClCompile>
    <ClCompile Include="..\..\apps\support\kdu_region_decompressor.cpp">
      <Filter>Aux Source Files\support</Filter>
    </ClCompile>
    <ClCompile Include="..\..\apps\support\kdu_stripe_compressor.cpp">
      <Filter>Aux Source Files\support</Filter>
    </ClCompile>
    <ClCompile Include="..\..\apps\support\kdu_stripe_decompressor.cpp">
      <Filter>Aux Source Files\support</Filter>
    </ClCompile>
    <ClCompile Include="..\..\apps\caching_sources\kdu_cache.cpp">
      <Filter>Aux Source Files\caching_souces</Filter>
    </ClCompile>
    <ClCompile Include="..\..\apps\kdu_server\kdu_serve.cpp">
      <Filter>Aux Source Files\server</Filter>
    </ClCompile>
    <ClCompile Include="..\..\apps\kdu_server\kdu_servex.cpp">
      <Filter>Aux Source Files\server</Filter>
    </ClCompile>
    <ClCompile Include="..\..\apps\client_server\kdcs_comms.cpp">
      <Filter>Aux Source Files\client_server</Filter>
    </ClCompile>
    <ClCompile Include="..\..\apps\client_server\kdu_client_window.cpp">
      <Filter>Aux Source Files\client_server</Filter>
    </ClCompile>
    <ClCompile Include="..\..\apps\kdu_client\kdu_client.cpp">
      <Filter>Aux Source Files\client</Filter>
    </ClCompile>
    <ClCompile Include="..\..\apps\kdu_client\kdu_clientx.cpp">
      <Filter>Aux Source Files\client</Filter>
    </ClCompile>
    <ClCompile Include="..\..\apps\jp2\jpb.cpp">
      <Filter>Aux Source Files\jp2</Filter>
    </ClCompile>
    <ClCompile Include="..\..\apps\support\ssse3_stripe_transfer.cpp">
      <Filter>Aux Source Files\support</Filter>
    </ClCompile>
  </ItemGroup>
  <ItemGroup>
    <ClInclude Include="kdu_aux.h">
      <Filter>Header Files</Filter>
    </ClInclude>
    <ClInclude Include="..\..\apps\kdu_client\client_local.h">
      <Filter>Aux Source Files\client</Filter>
    </ClInclude>
    <ClInclude Include="..\..\apps\kdu_client\clientx_local.h">
      <Filter>Aux Source Files\client</Filter>
    </ClInclude>
  </ItemGroup>
</Project>