<?xml version="1.0" encoding="utf-8"?>
<Project ToolsVersion="4.0" xmlns="http://schemas.microsoft.com/developer/msbuild/2003">
  <ItemGroup>
    <Filter Include="main">
      <UniqueIdentifier>{a977547c-3e91-4029-bfd1-205289472a52}</UniqueIdentifier>
    </Filter>
    <Filter Include="image">
      <UniqueIdentifier>{45aeeba3-3aad-4f1a-88b0-3d2159a73bd5}</UniqueIdentifier>
    </Filter>
    <Filter Include="args">
      <UniqueIdentifier>{07564cea-b8c5-4193-a4ce-889967a66339}</UniqueIdentifier>
    </Filter>
    <Filter Include="coresys">
      <UniqueIdentifier>{d451be19-735f-4165-b8af-1779314491cf}</UniqueIdentifier>
    </Filter>
    <Filter Include="compressed_io">
      <UniqueIdentifier>{db8693dd-4835-41ab-83ae-378e74718a8c}</UniqueIdentifier>
    </Filter>
    <Filter Include="jp2">
      <UniqueIdentifier>{041b6e88-3815-4a4a-8ec3-2c728c7f3748}</UniqueIdentifier>
    </Filter>
  </ItemGroup>
  <ItemGroup>
    <ClInclude Include="expand_local.h">
      <Filter>main</Filter>
    </ClInclude>
    <ClInclude Include="..\image\image_local.h">
      <Filter>image</Filter>
    </ClInclude>
    <ClInclude Include="..\image\kdu_image.h">
      <Filter>image</Filter>
    </ClInclude>
    <ClInclude Include="..\image\kdu_tiff.h">
      <Filter>image</Filter>
    </ClInclude>
    <ClInclude Include="..\args\kdu_args.h">
      <Filter>args</Filter>
    </ClInclude>
    <ClInclude Include="..\..\coresys\common\kdu_arch.h">
      <Filter>coresys</Filter>
    </ClInclude>
    <ClInclude Include="..\..\coresys\common\kdu_compressed.h">
      <Filter>coresys</Filter>
    </ClInclude>
    <ClInclude Include="..\..\coresys\common\kdu_elementary.h">
      <Filter>coresys</Filter>
    </ClInclude>
    <ClInclude Include="..\..\coresys\common\kdu_messaging.h">
      <Filter>coresys</Filter>
    </ClInclude>
    <ClInclude Include="..\..\coresys\common\kdu_params.h">
      <Filter>coresys</Filter>
    </ClInclude>
    <ClInclude Include="..\..\coresys\common\kdu_sample_processing.h">
      <Filter>coresys</Filter>
    </ClInclude>
    <ClInclude Include="..\..\coresys\common\kdu_threads.h">
      <Filter>coresys</Filter>
    </ClInclude>
    <ClInclude Include="..\..\coresys\common\kdu_utils.h">
      <Filter>coresys</Filter>
    </ClInclude>
    <ClInclude Include="..\compressed_io\jp2.h">
      <Filter>compressed_io</Filter>
    </ClInclude>
    <ClInclude Include="..\compressed_io\jpx.h">
      <Filter>compressed_io</Filter>
    </ClInclude>
    <ClInclude Include="..\compressed_io\kdu_cache.h">
      <Filter>compressed_io</Filter>
    </ClInclude>
    <ClInclude Include="..\compressed_io\kdu_file_io.h">
      <Filter>compressed_io</Filter>
    </ClInclude>
    <ClInclude Include="..\jp2\jp2_local.h">
      <Filter>jp2</Filter>
    </ClInclude>
    <ClInclude Include="..\jp2\jp2_shared.h">
      <Filter>jp2</Filter>
    </ClInclude>
    <ClInclude Include="..\jp2\jpx_local.h">
      <Filter>jp2</Filter>
    </ClInclude>
  </ItemGroup>
  <ItemGroup>
    <ClCompile Include="kdu_expand.cpp">
      <Filter>main</Filter>
    </ClCompile>
    <ClCompile Include="..\image\image_out.cpp">
      <Filter>image</Filter>
    </ClCompile>
    <ClCompile Include="..\image\kdu_tiff.cpp">
      <Filter>image</Filter>
    </ClCompile>
    <ClCompile Include="..\args\args.cpp">
      <Filter>args</Filter>
    </ClCompile>
    <ClCompile Include="..\jp2\jp2.cpp">
      <Filter>jp2</Filter>
    </ClCompile>
    <ClCompile Include="..\jp2\jpx.cpp">
      <Filter>jp2</Filter>
    </ClCompile>
  </ItemGroup>
</Project>